
Microsoft Visual Studio Solution File, Format Version 12.00
# Visual Studio Version 17
VisualStudioVersion = 17.9.34622.214
MinimumVisualStudioVersion = 10.0.40219.1
Project("{F184B08F-C81C-45F6-A57F-5ABD9991F28F}") = "Library-Information-System", "Library-Information-System\Library-Information-System.vbproj", "{1888A9DC-3DE6-48D2-A546-3625843EFA9B}"
EndProject
Global
	GlobalSection(SolutionConfigurationPlatforms) = preSolution
		Debug|Any CPU = Debug|Any CPU
		Release|Any CPU = Release|Any CPU
	EndGlobalSection
	GlobalSection(ProjectConfigurationPlatforms) = postSolution
		{1888A9DC-3DE6-48D2-A546-3625843EFA9B}.Debug|Any CPU.ActiveCfg = Debug|Any CPU
		{1888A9DC-3DE6-48D2-A546-3625843EFA9B}.Debug|Any CPU.Build.0 = Debug|Any CPU
		{1888A9DC-3DE6-48D2-A546-3625843EFA9B}.Release|Any CPU.ActiveCfg = Release|Any CPU
		{1888A9DC-3DE6-48D2-A546-3625843EFA9B}.Release|Any CPU.Build.0 = Release|Any CPU
	EndGlobalSection
	GlobalSection(SolutionProperties) = preSolution
		HideSolutionNode = FALSE
	EndGlobalSection
	GlobalSection(ExtensibilityGlobals) = postSolution
		SolutionGuid = {688AFC48-EA01-4511-A127-99F01D78363D}
	EndGlobalSection
EndGlobal
